
Microsoft Visual Studio Solution File, Format Version 12.00
# Visual Studio Version 16
VisualStudioVersion = 16.0.31019.35
MinimumVisualStudioVersion = 10.0.40219.1
Project("{FAE04EC0-301F-11D3-BF4B-00C04F79EFBC}") = "UC9-TotalWageCompany", "UC9-TotalWageCompany\UC9-TotalWageCompany.csproj", "{37411D9A-3793-4759-A3BA-8DE7A8F519AE}"
EndProject
Global
	GlobalSection(SolutionConfigurationPlatforms) = preSolution
		Debug|Any CPU = Debug|Any CPU
		Release|Any CPU = Release|Any CPU
	EndGlobalSection
	GlobalSection(ProjectConfigurationPlatforms) = postSolution
		{37411D9A-3793-4759-A3BA-8DE7A8F519AE}.Debug|Any CPU.ActiveCfg = Debug|Any CPU
		{37411D9A-3793-4759-A3BA-8DE7A8F519AE}.Debug|Any CPU.Build.0 = Debug|Any CPU
		{37411D9A-3793-4759-A3BA-8DE7A8F519AE}.Release|Any CPU.ActiveCfg = Release|Any CPU
		{37411D9A-3793-4759-A3BA-8DE7A8F519AE}.Release|Any CPU.Build.0 = Release|Any CPU
	EndGlobalSection
	GlobalSection(SolutionProperties) = preSolution
		HideSolutionNode = FALSE
	EndGlobalSection
	GlobalSection(ExtensibilityGlobals) = postSolution
		SolutionGuid = {F1168EFC-4C11-4172-9E0C-76BBF2B78668}
	EndGlobalSection
EndGlobal
